
Microsoft Visual Studio Solution File, Format Version 12.00
# Visual Studio Version 17
VisualStudioVersion = 17.5.33530.505
MinimumVisualStudioVersion = 10.0.40219.1
Project("{8BC9CEB8-8B4A-11D0-8D11-00A0C91BC942}") = "Sandbox", "Sandbox\Sandbox.vcxproj", "{5C3ADD5B-9F6E-44D2-8369-8000265A9CA7}"
EndProject
Project("{8BC9CEB8-8B4A-11D0-8D11-00A0C91BC942}") = "Nickle", "Nickle\Nickle.vcxproj", "{C880EC7E-E367-4F0D-83AD-E550D9B6BBB4}"
EndProject
Global
	GlobalSection(SolutionConfigurationPlatforms) = preSolution
		Debug|x64 = Debug|x64
		Release|x64 = Release|x64
	EndGlobalSection
	GlobalSection(ProjectConfigurationPlatforms) = postSolution
		{C880EC7E-E367-4F0D-83AD-E550D9B6BBB4}.Debug|x64.ActiveCfg = Debug|x64
		{C880EC7E-E367-4F0D-83AD-E550D9B6BBB4}.Debug|x64.Build.0 = Debug|x64
		{C880EC7E-E367-4F0D-83AD-E550D9B6BBB4}.Release|x64.ActiveCfg = Release|x64
		{C880EC7E-E367-4F0D-83AD-E550D9B6BBB4}.Release|x64.Build.0 = Release|x64
		{5C3ADD5B-9F6E-44D2-8369-8000265A9CA7}.Debug|x64.ActiveCfg = Debug|x64
		{5C3ADD5B-9F6E-44D2-8369-8000265A9CA7}.Debug|x64.Build.0 = Debug|x64
		{5C3ADD5B-9F6E-44D2-8369-8000265A9CA7}.Release|x64.ActiveCfg = Release|x64
		{5C3ADD5B-9F6E-44D2-8369-8000265A9CA7}.Release|x64.Build.0 = Release|x64
	EndGlobalSection
	GlobalSection(SolutionProperties) = preSolution
		HideSolutionNode = FALSE
	EndGlobalSection
	GlobalSection(ExtensibilityGlobals) = postSolution
		SolutionGuid = {5DF49B63-2D2E-442F-92EE-BBC9F09C2311}
	EndGlobalSection
EndGlobal
